
Microsoft Visual Studio Solution File, Format Version 12.00
# Visual Studio Version 16
VisualStudioVersion = 16.0.31729.503
MinimumVisualStudioVersion = 10.0.40219.1
Project("{FAE04EC0-301F-11D3-BF4B-00C04F79EFBC}") = "FunctionsReturnAndArraysFromFile", "FunctionsReturnAndArraysFromFile\FunctionsReturnAndArraysFromFile.csproj", "{836B4199-856F-4668-865C-B1C3D170FD0F}"
EndProject
Project("{FAE04EC0-301F-11D3-BF4B-00C04F79EFBC}") = "FridayNightRnd", "FridayNightRnd\FridayNightRnd.csproj", "{7ECDE4F6-09C4-454F-BF6D-269FACB9F767}"
EndProject
Project("{FAE04EC0-301F-11D3-BF4B-00C04F79EFBC}") = "FridayNightRndReturn", "FridayNightRndReturn\FridayNightRndReturn.csproj", "{7795D8F0-96F6-4F80-BE84-984968142276}"
EndProject
Project("{FAE04EC0-301F-11D3-BF4B-00C04F79EFBC}") = "PickRandomFromFile", "PickRandomFromFile\PickRandomFromFile.csproj", "{1781CA29-E19F-49CF-A0E6-78FCC262DDBF}"
EndProject
Project("{FAE04EC0-301F-11D3-BF4B-00C04F79EFBC}") = "ChuckNorris", "ChuckNorris\ChuckNorris.csproj", "{F7E5BD65-9C98-433F-8E17-7ECC94EABC68}"
EndProject
Global
	GlobalSection(SolutionConfigurationPlatforms) = preSolution
		Debug|Any CPU = Debug|Any CPU
		Release|Any CPU = Release|Any CPU
	EndGlobalSection
	GlobalSection(ProjectConfigurationPlatforms) = postSolution
		{836B4199-856F-4668-865C-B1C3D170FD0F}.Debug|Any CPU.ActiveCfg = Debug|Any CPU
		{836B4199-856F-4668-865C-B1C3D170FD0F}.Debug|Any CPU.Build.0 = Debug|Any CPU
		{836B4199-856F-4668-865C-B1C3D170FD0F}.Release|Any CPU.ActiveCfg = Release|Any CPU
		{836B4199-856F-4668-865C-B1C3D170FD0F}.Release|Any CPU.Build.0 = Release|Any CPU
		{7ECDE4F6-09C4-454F-BF6D-269FACB9F767}.Debug|Any CPU.ActiveCfg = Debug|Any CPU
		{7ECDE4F6-09C4-454F-BF6D-269FACB9F767}.Debug|Any CPU.Build.0 = Debug|Any CPU
		{7ECDE4F6-09C4-454F-BF6D-269FACB9F767}.Release|Any CPU.ActiveCfg = Release|Any CPU
		{7ECDE4F6-09C4-454F-BF6D-269FACB9F767}.Release|Any CPU.Build.0 = Release|Any CPU
		{7795D8F0-96F6-4F80-BE84-984968142276}.Debug|Any CPU.ActiveCfg = Debug|Any CPU
		{7795D8F0-96F6-4F80-BE84-984968142276}.Debug|Any CPU.Build.0 = Debug|Any CPU
		{7795D8F0-96F6-4F80-BE84-984968142276}.Release|Any CPU.ActiveCfg = Release|Any CPU
		{7795D8F0-96F6-4F80-BE84-984968142276}.Release|Any CPU.Build.0 = Release|Any CPU
		{1781CA29-E19F-49CF-A0E6-78FCC262DDBF}.Debug|Any CPU.ActiveCfg = Debug|Any CPU
		{1781CA29-E19F-49CF-A0E6-78FCC262DDBF}.Debug|Any CPU.Build.0 = Debug|Any CPU
		{1781CA29-E19F-49CF-A0E6-78FCC262DDBF}.Release|Any CPU.ActiveCfg = Release|Any CPU
		{1781CA29-E19F-49CF-A0E6-78FCC262DDBF}.Release|Any CPU.Build.0 = Release|Any CPU
		{F7E5BD65-9C98-433F-8E17-7ECC94EABC68}.Debug|Any CPU.ActiveCfg = Debug|Any CPU
		{F7E5BD65-9C98-433F-8E17-7ECC94EABC68}.Debug|Any CPU.Build.0 = Debug|Any CPU
		{F7E5BD65-9C98-433F-8E17-7ECC94EABC68}.Release|Any CPU.ActiveCfg = Release|Any CPU
		{F7E5BD65-9C98-433F-8E17-7ECC94EABC68}.Release|Any CPU.Build.0 = Release|Any CPU
	EndGlobalSection
	GlobalSection(SolutionProperties) = preSolution
		HideSolutionNode = FALSE
	EndGlobalSection
	GlobalSection(ExtensibilityGlobals) = postSolution
		SolutionGuid = {1DEADA45-50A5-40C4-A35B-51487037EF11}
	EndGlobalSection
EndGlobal
